
Microsoft Visual Studio Solution File, Format Version 12.00
# Visual Studio Version 16
VisualStudioVersion = 16.0.31729.503
MinimumVisualStudioVersion = 10.0.40219.1
Project("{FAE04EC0-301F-11D3-BF4B-00C04F79EFBC}") = "RoundedBorder", "RoundedBorder.csproj", "{2F6B3513-2477-44DC-869C-D45F8BBD9D5B}"
EndProject
Global
	GlobalSection(SolutionConfigurationPlatforms) = preSolution
		Debug|Any CPU = Debug|Any CPU
		Release|Any CPU = Release|Any CPU
	EndGlobalSection
	GlobalSection(ProjectConfigurationPlatforms) = postSolution
		{2F6B3513-2477-44DC-869C-D45F8BBD9D5B}.Debug|Any CPU.ActiveCfg = Debug|Any CPU
		{2F6B3513-2477-44DC-869C-D45F8BBD9D5B}.Debug|Any CPU.Build.0 = Debug|Any CPU
		{2F6B3513-2477-44DC-869C-D45F8BBD9D5B}.Release|Any CPU.ActiveCfg = Release|Any CPU
		{2F6B3513-2477-44DC-869C-D45F8BBD9D5B}.Release|Any CPU.Build.0 = Release|Any CPU
	EndGlobalSection
	GlobalSection(SolutionProperties) = preSolution
		HideSolutionNode = FALSE
	EndGlobalSection
	GlobalSection(ExtensibilityGlobals) = postSolution
		SolutionGuid = {2F33E91E-79AB-4AC5-B6D7-928A84A011A6}
	EndGlobalSection
EndGlobal
